Microsoft Visual Studio Solution File, Format Version 12.00
# Visual Studio Version 16
VisualStudioVersion = 16.0.30011.22
MinimumVisualStudioVersion = 10.0.40219.1
Project("{FAE04EC0-301F-11D3-BF4B-00C04F79EFBC}") = "CloudMovie.Mobile.Android", "CloudMovie.Mobile.Android\CloudMovie.Mobile.Android.csproj", "{183E7402-D309-4AF9-A334-F9B95209A652}"
EndProject
Project("{FAE04EC0-301F-11D3-BF4B-00C04F79EFBC}") = "CloudMovie.Mobile.iOS", "CloudMovie.Mobile.iOS\CloudMovie.Mobile.iOS.csproj", "{BA638103-5EE5-4B7A-AB2F-06E05058DD6D}"
EndProject
Project("{D954291E-2A0B-460D-934E-DC6B0785DB48}") = "CloudMovie.Mobile", "CloudMovie.Mobile\CloudMovie.Mobile.shproj", "{4382292C-ACFD-4CE6-BA40-B2E3B49FE4E7}"
EndProject
Project("{D954291E-2A0B-460D-934E-DC6B0785DB48}") = "Xamarin.Forms.Core", "Xamarin.Forms.Core\Xamarin.Forms.Core.shproj", "{9FBF1BE8-6CC0-4DC2-BC5B-AB11181D64E3}"
EndProject
Global
	GlobalSection(SharedMSBuildProjectFiles) = preSolution
		CloudMovie.Mobile\CloudMovie.Mobile.projitems*{183e7402-d309-4af9-a334-f9b95209a652}*SharedItemsImports = 4
		Xamarin.Forms.Core\Xamarin.Forms.Core.projitems*{183e7402-d309-4af9-a334-f9b95209a652}*SharedItemsImports = 4
		CloudMovie.Mobile\CloudMovie.Mobile.projitems*{4382292c-acfd-4ce6-ba40-b2e3b49fe4e7}*SharedItemsImports = 13
		Xamarin.Forms.Core\Xamarin.Forms.Core.projitems*{9fbf1be8-6cc0-4dc2-bc5b-ab11181d64e3}*SharedItemsImports = 13
		CloudMovie.Mobile\CloudMovie.Mobile.projitems*{ba638103-5ee5-4b7a-ab2f-06e05058dd6d}*SharedItemsImports = 4
		Xamarin.Forms.Core\Xamarin.Forms.Core.projitems*{ba638103-5ee5-4b7a-ab2f-06e05058dd6d}*SharedItemsImports = 4
	EndGlobalSection
	GlobalSection(SolutionConfigurationPlatforms) = preSolution
		AdHoc|Any CPU = AdHoc|Any CPU
		AdHoc|iPhone = AdHoc|iPhone
		AdHoc|iPhoneSimulator = AdHoc|iPhoneSimulator
		Debug|Any CPU = Debug|Any CPU
		Debug|iPhone = Debug|iPhone
		Debug|iPhoneSimulator = Debug|iPhoneSimulator
		Release|Any CPU = Release|Any CPU
		Release|iPhone = Release|iPhone
		Release|iPhoneSimulator = Release|iPhoneSimulator
	EndGlobalSection
	GlobalSection(ProjectConfigurationPlatforms) = postSolution
		{183E7402-D309-4AF9-A334-F9B95209A652}.AdHoc|Any CPU.ActiveCfg = AdHoc|Any CPU
		{183E7402-D309-4AF9-A334-F9B95209A652}.AdHoc|Any CPU.Build.0 = AdHoc|Any CPU
		{183E7402-D309-4AF9-A334-F9B95209A652}.AdHoc|iPhone.ActiveCfg = AdHoc|Any CPU
		{183E7402-D309-4AF9-A334-F9B95209A652}.AdHoc|iPhone.Build.0 = AdHoc|Any CPU
		{183E7402-D309-4AF9-A334-F9B95209A652}.AdHoc|iPhoneSimulator.ActiveCfg = AdHoc|Any CPU
		{183E7402-D309-4AF9-A334-F9B95209A652}.AdHoc|iPhoneSimulator.Build.0 = AdHoc|Any CPU
		{183E7402-D309-4AF9-A334-F9B95209A652}.Debug|Any CPU.ActiveCfg = Debug|Any CPU
		{183E7402-D309-4AF9-A334-F9B95209A652}.Debug|Any CPU.Build.0 = Debug|Any CPU
		{183E7402-D309-4AF9-A334-F9B95209A652}.Debug|iPhone.ActiveCfg = Debug|Any CPU
		{183E7402-D309-4AF9-A334-F9B95209A652}.Debug|iPhone.Build.0 = Debug|Any CPU
		{183E7402-D309-4AF9-A334-F9B95209A652}.Debug|iPhoneSimulator.ActiveCfg = Debug|Any CPU
		{183E7402-D309-4AF9-A334-F9B95209A652}.Debug|iPhoneSimulator.Build.0 = Debug|Any CPU
		{183E7402-D309-4AF9-A334-F9B95209A652}.Release|Any CPU.ActiveCfg = Release|Any CPU
		{183E7402-D309-4AF9-A334-F9B95209A652}.Release|Any CPU.Build.0 = Release|Any CPU
		{183E7402-D309-4AF9-A334-F9B95209A652}.Release|iPhone.ActiveCfg = Release|Any CPU
		{183E7402-D309-4AF9-A334-F9B95209A652}.Release|iPhone.Build.0 = Release|Any CPU
		{183E7402-D309-4AF9-A334-F9B95209A652}.Release|iPhoneSimulator.ActiveCfg = Release|Any CPU
		{183E7402-D309-4AF9-A334-F9B95209A652}.Release|iPhoneSimulator.Build.0 = Release|Any CPU
		{BA638103-5EE5-4B7A-AB2F-06E05058DD6D}.AdHoc|Any CPU.ActiveCfg = AdHoc|iPhoneSimulator
		{BA638103-5EE5-4B7A-AB2F-06E05058DD6D}.AdHoc|Any CPU.Build.0 = AdHoc|iPhoneSimulator
		{BA638103-5EE5-4B7A-AB2F-06E05058DD6D}.AdHoc|iPhone.ActiveCfg = AdHoc|iPhone
		{BA638103-5EE5-4B7A-AB2F-06E05058DD6D}.AdHoc|iPhone.Build.0 = AdHoc|iPhone
		{BA638103-5EE5-4B7A-AB2F-06E05058DD6D}.AdHoc|iPhoneSimulator.ActiveCfg = AdHoc|iPhoneSimulator
		{BA638103-5EE5-4B7A-AB2F-06E05058DD6D}.AdHoc|iPhoneSimulator.Build.0 = AdHoc|iPhoneSimulator
		{BA638103-5EE5-4B7A-AB2F-06E05058DD6D}.Debug|Any CPU.ActiveCfg = Debug|iPhoneSimulator
		{BA638103-5EE5-4B7A-AB2F-06E05058DD6D}.Debug|Any CPU.Build.0 = Debug|iPhoneSimulator
		{BA638103-5EE5-4B7A-AB2F-06E05058DD6D}.Debug|iPhone.ActiveCfg = Debug|iPhone
		{BA638103-5EE5-4B7A-AB2F-06E05058DD6D}.Debug|iPhone.Build.0 = Debug|iPhone
		{BA638103-5EE5-4B7A-AB2F-06E05058DD6D}.Debug|iPhoneSimulator.ActiveCfg = Debug|iPhoneSimulator
		{BA638103-5EE5-4B7A-AB2F-06E05058DD6D}.Debug|iPhoneSimulator.Build.0 = Debug|iPhoneSimulator
		{BA638103-5EE5-4B7A-AB2F-06E05058DD6D}.Release|Any CPU.ActiveCfg = Release|iPhoneSimulator
		{BA638103-5EE5-4B7A-AB2F-06E05058DD6D}.Release|Any CPU.Build.0 = Release|iPhoneSimulator
		{BA638103-5EE5-4B7A-AB2F-06E05058DD6D}.Release|iPhone.ActiveCfg = Release|iPhone
		{BA638103-5EE5-4B7A-AB2F-06E05058DD6D}.Release|iPhone.Build.0 = Release|iPhone
		{BA638103-5EE5-4B7A-AB2F-06E05058DD6D}.Release|iPhoneSimulator.ActiveCfg = Release|iPhoneSimulator
		{BA638103-5EE5-4B7A-AB2F-06E05058DD6D}.Release|iPhoneSimulator.Build.0 = Release|iPhoneSimulator
	EndGlobalSection
	GlobalSection(SolutionProperties) = preSolution
		HideSolutionNode = FALSE
	EndGlobalSection
	GlobalSection(ExtensibilityGlobals) = postSolution
		SolutionGuid = {072B8832-3D0A-401A-939D-CD781F393666}
	EndGlobalSection
EndGlobal
